
Microsoft Visual Studio Solution File, Format Version 12.00
# Visual Studio 14
VisualStudioVersion = 14.0.25123.0
MinimumVisualStudioVersion = 10.0.40219.1
Project("{FAE04EC0-301F-11D3-BF4B-00C04F79EFBC}") = "Cıne_404", "Cıne_404\Cıne_404.csproj", "{DA2860BB-8B76-4A2B-9439-36A97024C36F}"
EndProject
Global
	GlobalSection(SolutionConfigurationPlatforms) = preSolution
		Debug|Any CPU = Debug|Any CPU
		Release|Any CPU = Release|Any CPU
	EndGlobalSection
	GlobalSection(ProjectConfigurationPlatforms) = postSolution
		{DA2860BB-8B76-4A2B-9439-36A97024C36F}.Debug|Any CPU.ActiveCfg = Debug|Any CPU
		{DA2860BB-8B76-4A2B-9439-36A97024C36F}.Debug|Any CPU.Build.0 = Debug|Any CPU
		{DA2860BB-8B76-4A2B-9439-36A97024C36F}.Release|Any CPU.ActiveCfg = Release|Any CPU
		{DA2860BB-8B76-4A2B-9439-36A97024C36F}.Release|Any CPU.Build.0 = Release|Any CPU
	EndGlobalSection
	GlobalSection(SolutionProperties) = preSolution
		HideSolutionNode = FALSE
	EndGlobalSection
EndGlobal
