
Microsoft Visual Studio Solution File, Format Version 12.00
# Visual Studio 14
VisualStudioVersion = 14.0.25420.1
MinimumVisualStudioVersion = 10.0.40219.1
Project("{FAE04EC0-301F-11D3-BF4B-00C04F79EFBC}") = "rumeysabukecik_com", "rumeysabukecik_com\rumeysabukecik_com.csproj", "{784A4FE7-5BBB-441E-84E5-5E637D3ED443}"
EndProject
Global
	GlobalSection(SolutionConfigurationPlatforms) = preSolution
		Debug|Any CPU = Debug|Any CPU
		Release|Any CPU = Release|Any CPU
	EndGlobalSection
	GlobalSection(ProjectConfigurationPlatforms) = postSolution
		{784A4FE7-5BBB-441E-84E5-5E637D3ED443}.Debug|Any CPU.ActiveCfg = Debug|Any CPU
		{784A4FE7-5BBB-441E-84E5-5E637D3ED443}.Debug|Any CPU.Build.0 = Debug|Any CPU
		{784A4FE7-5BBB-441E-84E5-5E637D3ED443}.Release|Any CPU.ActiveCfg = Release|Any CPU
		{784A4FE7-5BBB-441E-84E5-5E637D3ED443}.Release|Any CPU.Build.0 = Release|Any CPU
	EndGlobalSection
	GlobalSection(SolutionProperties) = preSolution
		HideSolutionNode = FALSE
	EndGlobalSection
EndGlobal
