
Microsoft Visual Studio Solution File, Format Version 12.00
# Visual Studio 14
VisualStudioVersion = 14.0.25123.0
MinimumVisualStudioVersion = 10.0.40219.1
Project("{FAE04EC0-301F-11D3-BF4B-00C04F79EFBC}") = "Statik giriş konu anlatım 14.01", "ConsoleApplication24\Statik giriş konu anlatım 14.01.csproj", "{BF04069D-6D37-44E4-B2EB-A8A7CFC33584}"
EndProject
Global
	GlobalSection(SolutionConfigurationPlatforms) = preSolution
		Debug|Any CPU = Debug|Any CPU
		Release|Any CPU = Release|Any CPU
	EndGlobalSection
	GlobalSection(ProjectConfigurationPlatforms) = postSolution
		{BF04069D-6D37-44E4-B2EB-A8A7CFC33584}.Debug|Any CPU.ActiveCfg = Debug|Any CPU
		{BF04069D-6D37-44E4-B2EB-A8A7CFC33584}.Debug|Any CPU.Build.0 = Debug|Any CPU
		{BF04069D-6D37-44E4-B2EB-A8A7CFC33584}.Release|Any CPU.ActiveCfg = Release|Any CPU
		{BF04069D-6D37-44E4-B2EB-A8A7CFC33584}.Release|Any CPU.Build.0 = Release|Any CPU
	EndGlobalSection
	GlobalSection(SolutionProperties) = preSolution
		HideSolutionNode = FALSE
	EndGlobalSection
EndGlobal
